
Microsoft Visual Studio Solution File, Format Version 12.00
# Visual Studio Version 17
VisualStudioVersion = 17.13.35825.156 d17.13
MinimumVisualStudioVersion = 10.0.40219.1
Project("{FAE04EC0-301F-11D3-BF4B-00C04F79EFBC}") = "Education_Center", "Education_Center\Education_Center.csproj", "{D1261073-2010-458E-9976-48A0524B4C18}"
EndProject
Project("{FAE04EC0-301F-11D3-BF4B-00C04F79EFBC}") = "Education_Center_DbContext", "DbContext\Education_Center_DbContext.csproj", "{0BD70709-635D-4D1F-AB38-8FB4AF4A5E47}"
EndProject
Project("{FAE04EC0-301F-11D3-BF4B-00C04F79EFBC}") = "Education_Center_Domain", "Domain\Education_Center_Domain.csproj", "{D10647CA-E2D4-4A32-B568-B7EF270C7DE3}"
EndProject
Project("{FAE04EC0-301F-11D3-BF4B-00C04F79EFBC}") = "Education_Center_Contract", "Contract\Education_Center_Contract.csproj", "{98DBC949-BFCB-464E-96D7-E3A87A8CE8F3}"
EndProject
Project("{FAE04EC0-301F-11D3-BF4B-00C04F79EFBC}") = "Education_Center_Serveces", "Serveces\Education_Center_Serveces.csproj", "{50797214-F549-44DA-A476-AA1CF6372D2E}"
EndProject
Global
	GlobalSection(SolutionConfigurationPlatforms) = preSolution
		Debug|Any CPU = Debug|Any CPU
		Release|Any CPU = Release|Any CPU
	EndGlobalSection
	GlobalSection(ProjectConfigurationPlatforms) = postSolution
		{D1261073-2010-458E-9976-48A0524B4C18}.Debug|Any CPU.ActiveCfg = Debug|Any CPU
		{D1261073-2010-458E-9976-48A0524B4C18}.Debug|Any CPU.Build.0 = Debug|Any CPU
		{D1261073-2010-458E-9976-48A0524B4C18}.Release|Any CPU.ActiveCfg = Release|Any CPU
		{D1261073-2010-458E-9976-48A0524B4C18}.Release|Any CPU.Build.0 = Release|Any CPU
		{0BD70709-635D-4D1F-AB38-8FB4AF4A5E47}.Debug|Any CPU.ActiveCfg = Debug|Any CPU
		{0BD70709-635D-4D1F-AB38-8FB4AF4A5E47}.Debug|Any CPU.Build.0 = Debug|Any CPU
		{0BD70709-635D-4D1F-AB38-8FB4AF4A5E47}.Release|Any CPU.ActiveCfg = Release|Any CPU
		{0BD70709-635D-4D1F-AB38-8FB4AF4A5E47}.Release|Any CPU.Build.0 = Release|Any CPU
		{D10647CA-E2D4-4A32-B568-B7EF270C7DE3}.Debug|Any CPU.ActiveCfg = Debug|Any CPU
		{D10647CA-E2D4-4A32-B568-B7EF270C7DE3}.Debug|Any CPU.Build.0 = Debug|Any CPU
		{D10647CA-E2D4-4A32-B568-B7EF270C7DE3}.Release|Any CPU.ActiveCfg = Release|Any CPU
		{D10647CA-E2D4-4A32-B568-B7EF270C7DE3}.Release|Any CPU.Build.0 = Release|Any CPU
		{98DBC949-BFCB-464E-96D7-E3A87A8CE8F3}.Debug|Any CPU.ActiveCfg = Debug|Any CPU
		{98DBC949-BFCB-464E-96D7-E3A87A8CE8F3}.Debug|Any CPU.Build.0 = Debug|Any CPU
		{98DBC949-BFCB-464E-96D7-E3A87A8CE8F3}.Release|Any CPU.ActiveCfg = Release|Any CPU
		{98DBC949-BFCB-464E-96D7-E3A87A8CE8F3}.Release|Any CPU.Build.0 = Release|Any CPU
		{50797214-F549-44DA-A476-AA1CF6372D2E}.Debug|Any CPU.ActiveCfg = Debug|Any CPU
		{50797214-F549-44DA-A476-AA1CF6372D2E}.Debug|Any CPU.Build.0 = Debug|Any CPU
		{50797214-F549-44DA-A476-AA1CF6372D2E}.Release|Any CPU.ActiveCfg = Release|Any CPU
		{50797214-F549-44DA-A476-AA1CF6372D2E}.Release|Any CPU.Build.0 = Release|Any CPU
	EndGlobalSection
	GlobalSection(SolutionProperties) = preSolution
		HideSolutionNode = FALSE
	EndGlobalSection
	GlobalSection(ExtensibilityGlobals) = postSolution
		SolutionGuid = {BED39FCF-4E71-4D41-8E36-4B1E50312ABB}
	EndGlobalSection
EndGlobal
